
Microsoft Visual Studio Solution File, Format Version 12.00
# Visual Studio Version 17
VisualStudioVersion = 17.9.34728.123
MinimumVisualStudioVersion = 10.0.40219.1
Project("{9A19103F-16F7-4668-BE54-9A1E7A4F7556}") = "Lab2", "Lab2.csproj", "{17163F3F-7365-446D-8E23-84121373229D}"
EndProject
Global
	GlobalSection(SolutionConfigurationPlatforms) = preSolution
		Debug|Any CPU = Debug|Any CPU
		Release|Any CPU = Release|Any CPU
	EndGlobalSection
	GlobalSection(ProjectConfigurationPlatforms) = postSolution
		{17163F3F-7365-446D-8E23-84121373229D}.Debug|Any CPU.ActiveCfg = Debug|Any CPU
		{17163F3F-7365-446D-8E23-84121373229D}.Debug|Any CPU.Build.0 = Debug|Any CPU
		{17163F3F-7365-446D-8E23-84121373229D}.Release|Any CPU.ActiveCfg = Release|Any CPU
		{17163F3F-7365-446D-8E23-84121373229D}.Release|Any CPU.Build.0 = Release|Any CPU
	EndGlobalSection
	GlobalSection(SolutionProperties) = preSolution
		HideSolutionNode = FALSE
	EndGlobalSection
	GlobalSection(ExtensibilityGlobals) = postSolution
		SolutionGuid = {66B7EDA1-A6A5-4178-83A7-0936D2CD1D7B}
	EndGlobalSection
EndGlobal
